
Microsoft Visual Studio Solution File, Format Version 12.00
# Visual Studio Version 17
VisualStudioVersion = 17.3.32929.385
MinimumVisualStudioVersion = 10.0.40219.1
Project("{FAE04EC0-301F-11D3-BF4B-00C04F79EFBC}") = "De01", "De01\De01.csproj", "{FF997FF1-E33F-4BE6-BEA5-FEDC10AE0B3A}"
EndProject
Global
	GlobalSection(SolutionConfigurationPlatforms) = preSolution
		Debug|Any CPU = Debug|Any CPU
		Release|Any CPU = Release|Any CPU
	EndGlobalSection
	GlobalSection(ProjectConfigurationPlatforms) = postSolution
		{FF997FF1-E33F-4BE6-BEA5-FEDC10AE0B3A}.Debug|Any CPU.ActiveCfg = Debug|Any CPU
		{FF997FF1-E33F-4BE6-BEA5-FEDC10AE0B3A}.Debug|Any CPU.Build.0 = Debug|Any CPU
		{FF997FF1-E33F-4BE6-BEA5-FEDC10AE0B3A}.Release|Any CPU.ActiveCfg = Release|Any CPU
		{FF997FF1-E33F-4BE6-BEA5-FEDC10AE0B3A}.Release|Any CPU.Build.0 = Release|Any CPU
	EndGlobalSection
	GlobalSection(SolutionProperties) = preSolution
		HideSolutionNode = FALSE
	EndGlobalSection
	GlobalSection(ExtensibilityGlobals) = postSolution
		SolutionGuid = {A0DFFF63-AA64-4BBF-9FA7-8A456EF9AF4B}
	EndGlobalSection
EndGlobal
